
Microsoft Visual Studio Solution File, Format Version 12.00
# Visual Studio 15
VisualStudioVersion = 15.0.27004.2005
MinimumVisualStudioVersion = 10.0.40219.1
Project("{FAE04EC0-301F-11D3-BF4B-00C04F79EFBC}") = "08_exercise", "08_exercise\08_exercise.csproj", "{7104F7BC-A022-4B08-9B16-F28FC5509222}"
EndProject
Global
	GlobalSection(SolutionConfigurationPlatforms) = preSolution
		Debug|Any CPU = Debug|Any CPU
		Release|Any CPU = Release|Any CPU
	EndGlobalSection
	GlobalSection(ProjectConfigurationPlatforms) = postSolution
		{7104F7BC-A022-4B08-9B16-F28FC5509222}.Debug|Any CPU.ActiveCfg = Debug|Any CPU
		{7104F7BC-A022-4B08-9B16-F28FC5509222}.Debug|Any CPU.Build.0 = Debug|Any CPU
		{7104F7BC-A022-4B08-9B16-F28FC5509222}.Release|Any CPU.ActiveCfg = Release|Any CPU
		{7104F7BC-A022-4B08-9B16-F28FC5509222}.Release|Any CPU.Build.0 = Release|Any CPU
	EndGlobalSection
	GlobalSection(SolutionProperties) = preSolution
		HideSolutionNode = FALSE
	EndGlobalSection
	GlobalSection(ExtensibilityGlobals) = postSolution
		SolutionGuid = {44143537-72C9-4EE2-B5AD-AB24C13132F3}
	EndGlobalSection
EndGlobal
